PODS:
  - ffmpeg_kit_flutter_new (1.0.0):
    - ffmpeg_kit_flutter_new/full-gpl (= 1.0.0)
    - Flutter
  - ffmpeg_kit_flutter_new/full-gpl (1.0.0):
    - Flutter
  - Flutter (1.0.0)
  - path_provider_foundation (0.0.1):
    - Flutter
    - FlutterMacOS
  - record (0.0.1):
    - Flutter
  - whisper_flutter_plus (0.0.1):
    - Flutter

DEPENDENCIES:
  - ffmpeg_kit_flutter_new (from `.symlinks/plugins/ffmpeg_kit_flutter_new/ios`)
  - Flutter (from `Flutter`)
  - path_provider_foundation (from `.symlinks/plugins/path_provider_foundation/darwin`)
  - record (from `.symlinks/plugins/record/ios`)
  - whisper_flutter_plus (from `.symlinks/plugins/whisper_flutter_plus/ios`)

EXTERNAL SOURCES:
  ffmpeg_kit_flutter_new:
    :path: ".symlinks/plugins/ffmpeg_kit_flutter_new/ios"
  Flutter:
    :path: Flutter
  path_provider_foundation:
    :path: ".symlinks/plugins/path_provider_foundation/darwin"
  record:
    :path: ".symlinks/plugins/record/ios"
  whisper_flutter_plus:
    :path: ".symlinks/plugins/whisper_flutter_plus/ios"

SPEC CHECKSUMS:
  ffmpeg_kit_flutter_new: 57e1119b327bb2e13a091e0d73576739fb9f22f5
  Flutter: e0871f40cf51350855a761d2e70bf5af5b9b5de7
  path_provider_foundation: 29f094ae23ebbca9d3d0cec13889cd9060c0e943
  record: cae05d8dd3cdb1dea3511b20e5a5811a1ae00d0d
  whisper_flutter_plus: d23b5d67cd20df326657865fe5b2bcafa6c00ffa

PODFILE CHECKSUM: 1959d098c91d8a792531a723c4a9d7e9f6a01e38

COCOAPODS: 1.16.2
